
Microsoft Visual Studio Solution File, Format Version 11.00
# Visual Studio 2010
# SharpDevelop 4.4
Project("{FAE04EC0-301F-11D3-BF4B-00C04F79EFBC}") = "ClassicalSharp", "CS\ClassicalSharp\ClassicalSharp.csproj", "{BEB1C785-5CAD-48FF-A886-876BF0A318D4}"
EndProject
Project("{FAE04EC0-301F-11D3-BF4B-00C04F79EFBC}") = "OpenTK", "CS\OpenTK\OpenTK.csproj", "{35FEE071-2DE6-48A1-9343-B5C1F202A12B}"
EndProject
Project("{FAE04EC0-301F-11D3-BF4B-00C04F79EFBC}") = "InteropPatcher", "CS\InteropPatcher\InteropPatcher.csproj", "{4A4110EE-21CA-4715-AF67-0C8B7CE0642F}"
EndProject
Project("{FAE04EC0-301F-11D3-BF4B-00C04F79EFBC}") = "PonyModel", "PonyModel\PonyModel.csproj", "{87FA5F0E-101F-451D-9AB0-04181E66DCC4}"
EndProject
Project("{FAE04EC0-301F-11D3-BF4B-00C04F79EFBC}") = "OffsetCamera", "OffsetCamera\OffsetCamera.csproj", "{48A5D9BC-C724-48E5-A90E-496A12E61759}"
EndProject
Project("{FAE04EC0-301F-11D3-BF4B-00C04F79EFBC}") = "AngledLighting", "AngledLighting\AngledLighting.csproj", "{4766951E-D83F-4927-A002-5E8D33D63F9E}"
EndProject
Project("{FAE04EC0-301F-11D3-BF4B-00C04F79EFBC}") = "VolumeLighting", "VolumeLighting\VolumeLighting.csproj", "{8D699016-EBC4-440F-8A03-3E557C230166}"
EndProject
Project("{FAE04EC0-301F-11D3-BF4B-00C04F79EFBC}") = "AO", "AO\AO.csproj", "{9FC3708B-B9B1-4716-8A92-252C565378B7}"
EndProject
Global
	GlobalSection(SolutionConfigurationPlatforms) = preSolution
		Debug|Any CPU = Debug|Any CPU
		Release|Any CPU = Release|Any CPU
	EndGlobalSection
	GlobalSection(ProjectConfigurationPlatforms) = postSolution
		{BEB1C785-5CAD-48FF-A886-876BF0A318D4}.Debug|Any CPU.Build.0 = Debug|Any CPU
		{BEB1C785-5CAD-48FF-A886-876BF0A318D4}.Debug|Any CPU.ActiveCfg = Debug|Any CPU
		{BEB1C785-5CAD-48FF-A886-876BF0A318D4}.Release|Any CPU.Build.0 = Release|Any CPU
		{BEB1C785-5CAD-48FF-A886-876BF0A318D4}.Release|Any CPU.ActiveCfg = Release|Any CPU
		{35FEE071-2DE6-48A1-9343-B5C1F202A12B}.Debug|Any CPU.Build.0 = Debug|Any CPU
		{35FEE071-2DE6-48A1-9343-B5C1F202A12B}.Debug|Any CPU.ActiveCfg = Debug|Any CPU
		{35FEE071-2DE6-48A1-9343-B5C1F202A12B}.Release|Any CPU.Build.0 = Release|Any CPU
		{35FEE071-2DE6-48A1-9343-B5C1F202A12B}.Release|Any CPU.ActiveCfg = Release|Any CPU
		{4A4110EE-21CA-4715-AF67-0C8B7CE0642F}.Debug|Any CPU.Build.0 = Debug|Any CPU
		{4A4110EE-21CA-4715-AF67-0C8B7CE0642F}.Debug|Any CPU.ActiveCfg = Debug|Any CPU
		{4A4110EE-21CA-4715-AF67-0C8B7CE0642F}.Release|Any CPU.Build.0 = Release|Any CPU
		{4A4110EE-21CA-4715-AF67-0C8B7CE0642F}.Release|Any CPU.ActiveCfg = Release|Any CPU
		{87FA5F0E-101F-451D-9AB0-04181E66DCC4}.Debug|Any CPU.Build.0 = Debug|Any CPU
		{87FA5F0E-101F-451D-9AB0-04181E66DCC4}.Debug|Any CPU.ActiveCfg = Debug|Any CPU
		{87FA5F0E-101F-451D-9AB0-04181E66DCC4}.Release|Any CPU.Build.0 = Release|Any CPU
		{87FA5F0E-101F-451D-9AB0-04181E66DCC4}.Release|Any CPU.ActiveCfg = Release|Any CPU
		{48A5D9BC-C724-48E5-A90E-496A12E61759}.Debug|Any CPU.Build.0 = Debug|Any CPU
		{48A5D9BC-C724-48E5-A90E-496A12E61759}.Debug|Any CPU.ActiveCfg = Debug|Any CPU
		{48A5D9BC-C724-48E5-A90E-496A12E61759}.Release|Any CPU.Build.0 = Release|Any CPU
		{48A5D9BC-C724-48E5-A90E-496A12E61759}.Release|Any CPU.ActiveCfg = Release|Any CPU
		{4766951E-D83F-4927-A002-5E8D33D63F9E}.Debug|Any CPU.Build.0 = Debug|Any CPU
		{4766951E-D83F-4927-A002-5E8D33D63F9E}.Debug|Any CPU.ActiveCfg = Debug|Any CPU
		{4766951E-D83F-4927-A002-5E8D33D63F9E}.Release|Any CPU.Build.0 = Release|Any CPU
		{4766951E-D83F-4927-A002-5E8D33D63F9E}.Release|Any CPU.ActiveCfg = Release|Any CPU
		{8D699016-EBC4-440F-8A03-3E557C230166}.Debug|Any CPU.Build.0 = Debug|Any CPU
		{8D699016-EBC4-440F-8A03-3E557C230166}.Debug|Any CPU.ActiveCfg = Debug|Any CPU
		{8D699016-EBC4-440F-8A03-3E557C230166}.Release|Any CPU.Build.0 = Release|Any CPU
		{8D699016-EBC4-440F-8A03-3E557C230166}.Release|Any CPU.ActiveCfg = Release|Any CPU
		{9FC3708B-B9B1-4716-8A92-252C565378B7}.Debug|Any CPU.Build.0 = Debug|Any CPU
		{9FC3708B-B9B1-4716-8A92-252C565378B7}.Debug|Any CPU.ActiveCfg = Debug|Any CPU
		{9FC3708B-B9B1-4716-8A92-252C565378B7}.Release|Any CPU.Build.0 = Release|Any CPU
		{9FC3708B-B9B1-4716-8A92-252C565378B7}.Release|Any CPU.ActiveCfg = Release|Any CPU
	EndGlobalSection
EndGlobal
